
Microsoft Visual Studio Solution File, Format Version 12.00
# Visual Studio 15
VisualStudioVersion = 15.0.27130.2027
MinimumVisualStudioVersion = 10.0.40219.1
Project("{FAE04EC0-301F-11D3-BF4B-00C04F79EFBC}") = "MovieApp.Domain", "MovieApp.Domain\MovieApp.Domain.csproj", "{141D01AC-2DDD-4FA0-901C-7AF98B707433}"
EndProject
Project("{FAE04EC0-301F-11D3-BF4B-00C04F79EFBC}") = "MovieApp.Data", "MovieApp.Data\MovieApp.Data.csproj", "{6710B25B-F8BE-41AF-82E0-78ED4A5BF98F}"
EndProject
Project("{FAE04EC0-301F-11D3-BF4B-00C04F79EFBC}") = "UI", "UI\UI.csproj", "{42EF7CBF-0E74-4586-96E6-CA41F839E373}"
EndProject
Global
	GlobalSection(SolutionConfigurationPlatforms) = preSolution
		Debug|Any CPU = Debug|Any CPU
		Release|Any CPU = Release|Any CPU
	EndGlobalSection
	GlobalSection(ProjectConfigurationPlatforms) = postSolution
		{141D01AC-2DDD-4FA0-901C-7AF98B707433}.Debug|Any CPU.ActiveCfg = Debug|Any CPU
		{141D01AC-2DDD-4FA0-901C-7AF98B707433}.Debug|Any CPU.Build.0 = Debug|Any CPU
		{141D01AC-2DDD-4FA0-901C-7AF98B707433}.Release|Any CPU.ActiveCfg = Release|Any CPU
		{141D01AC-2DDD-4FA0-901C-7AF98B707433}.Release|Any CPU.Build.0 = Release|Any CPU
		{6710B25B-F8BE-41AF-82E0-78ED4A5BF98F}.Debug|Any CPU.ActiveCfg = Debug|Any CPU
		{6710B25B-F8BE-41AF-82E0-78ED4A5BF98F}.Debug|Any CPU.Build.0 = Debug|Any CPU
		{6710B25B-F8BE-41AF-82E0-78ED4A5BF98F}.Release|Any CPU.ActiveCfg = Release|Any CPU
		{6710B25B-F8BE-41AF-82E0-78ED4A5BF98F}.Release|Any CPU.Build.0 = Release|Any CPU
		{42EF7CBF-0E74-4586-96E6-CA41F839E373}.Debug|Any CPU.ActiveCfg = Debug|Any CPU
		{42EF7CBF-0E74-4586-96E6-CA41F839E373}.Debug|Any CPU.Build.0 = Debug|Any CPU
		{42EF7CBF-0E74-4586-96E6-CA41F839E373}.Release|Any CPU.ActiveCfg = Release|Any CPU
		{42EF7CBF-0E74-4586-96E6-CA41F839E373}.Release|Any CPU.Build.0 = Release|Any CPU
	EndGlobalSection
	GlobalSection(SolutionProperties) = preSolution
		HideSolutionNode = FALSE
	EndGlobalSection
	GlobalSection(ExtensibilityGlobals) = postSolution
		SolutionGuid = {62A9D400-FA45-461B-A576-19B035A2943D}
	EndGlobalSection
EndGlobal
